#MicroXplorer Configuration settings - do not modify
Mcu.Family=STM32F1
ProjectManager.MainLocation=Src
RCC.MCOFreq_Value=16000000
ProjectManager.KeepUserCode=true
Mcu.UserName=STM32F103C8Tx
ADC1.ContinuousConvMode=ENABLE
TIM1.IPParameters=Channel-PWM Generation1 CH1,Prescaler,Period,OCPolarity_1
USART1.BaudRate=9600
RCC.PLLCLKFreq_Value=16000000
PC13-TAMPER-RTC.GPIOParameters=GPIO_Label
USART1.WordLength=WORDLENGTH_8B
ProjectManager.functionlistsort=1-MX_GPIO_Init-GPIO-false-HAL-true,2-MX_DMA_Init-DMA-false-HAL-true,3-SystemClock_Config-RCC-false-HAL-false,4-MX_USART1_UART_Init-USART1-false-HAL-true,5-MX_TIM1_Init-TIM1-false-HAL-true,6-MX_TIM2_Init-TIM2-false-HAL-true,7-MX_TIM3_Init-TIM3-false-HAL-true,8-MX_ADC1_Init-ADC1-false-HAL-true,9-MX_TIM4_Init-TIM4-false-HAL-true
PA3.GPIOParameters=GPIO_Label
RCC.ADCFreqValue=8000000
PA6.GPIO_Label=TEMP_PIN
PB0.GPIO_Label=MAIN_SWITCH
SH.S_TIM1_CH1.ConfNb=1
USART1.IPParameters=VirtualMode,Parity,WordLength,BaudRate
PB11.Signal=GPIO_Input
PinOutPanel.RotationAngle=0
RCC.SYSCLKSource=RCC_SYSCLKSOURCE_PLLCLK
ProjectManager.StackSize=0x400
PD1-OSC_OUT.Signal=RCC_OSC_OUT
Mcu.IP4=SYS
RCC.FCLKCortexFreq_Value=16000000
Mcu.IP5=TIM1
Mcu.IP2=NVIC
NVIC.SVCall_IRQn=true\:0\:0\:false\:false\:true\:false\:false
Mcu.IP3=RCC
Mcu.IP0=ADC1
Mcu.IP1=DMA
TIM1.Prescaler=15
Mcu.UserConstants=
Mcu.ThirdPartyNb=0
RCC.HCLKFreq_Value=16000000
Mcu.IPNb=10
TIM2.IPParameters=Channel-PWM Generation1 CH1,Prescaler,Period,OCPolarity_1
ProjectManager.PreviousToolchain=
RCC.APB2TimFreq_Value=16000000
Dma.ADC1.0.Direction=DMA_PERIPH_TO_MEMORY
Mcu.Pin6=PA5
VP_TIM2_VS_ClockSourceINT.Signal=TIM2_VS_ClockSourceINT
Mcu.Pin7=PA6
Mcu.Pin8=PB0
Mcu.Pin9=PB1
Dma.ADC1.0.MemDataAlignment=DMA_MDATAALIGN_WORD
RCC.AHBFreq_Value=16000000
Mcu.Pin0=PC13-TAMPER-RTC
Mcu.Pin1=PD0-OSC_IN
GPIO.groupedBy=Group By Peripherals
Mcu.Pin2=PD1-OSC_OUT
Mcu.Pin3=PA0-WKUP
Mcu.Pin4=PA3
Mcu.Pin5=PA4
ProjectManager.ProjectBuild=false
NVIC.UsageFault_IRQn=true\:0\:0\:false\:false\:true\:false\:false
NVIC.DebugMonitor_IRQn=true\:0\:0\:false\:false\:true\:false\:false
PA4.Locked=true
NVIC.SysTick_IRQn=true\:0\:0\:false\:false\:true\:false\:true
ProjectManager.FirmwarePackage=STM32Cube FW_F1 V1.8.3
MxDb.Version=DB.6.0.0
PB0.GPIOParameters=GPIO_PuPd,GPIO_Label
ProjectManager.BackupPrevious=true
TIM1.Channel-PWM\ Generation1\ CH1=TIM_CHANNEL_1
PA14.Mode=Serial_Wire
TIM3.Prescaler=15
PB1.GPIO_Label=REMOTE_SWITCH
Dma.ADC1.0.PeriphInc=DMA_PINC_DISABLE
File.Version=6
SH.SharedAnalog_PA6.0=GPIO_Analog
SH.SharedAnalog_PA6.1=ADC1_IN6,IN6
PA8.Signal=S_TIM1_CH1
TIM2.Channel-PWM\ Generation1\ CH1=TIM_CHANNEL_1
NVIC.PendSV_IRQn=true\:0\:0\:false\:false\:true\:false\:false
TIM4.Period=1000
Dma.RequestsNb=1
ProjectManager.HalAssertFull=false
PB0.Locked=true
VP_TIM1_VS_ClockSourceINT.Mode=Internal
ProjectManager.ProjectName=ACControl
RCC.PLLMCOFreq_Value=8000000
Mcu.Package=LQFP48
TIM2.Prescaler=15
PB1.Signal=GPIO_Input
PA6.Signal=SharedAnalog_PA6
PA5.Locked=true
ADC1.EnableInjectedConversion=DISABLE
ProjectManager.ToolChainLocation=
VP_SYS_VS_Systick.Signal=SYS_VS_Systick
PA10.Signal=USART1_RX
PA5.GPIOParameters=GPIO_Label
RCC.APB1TimFreq_Value=16000000
NVIC.BusFault_IRQn=true\:0\:0\:false\:false\:true\:false\:false
TIM1.Period=19999
PB10.GPIOParameters=GPIO_Label
NVIC.USART1_IRQn=true\:0\:0\:false\:false\:true\:true\:true
Dma.Request0=ADC1
PA4.GPIO_Label=LED1
ProjectManager.CustomerFirmwarePackage=
VP_TIM3_VS_ClockSourceINT.Mode=Internal
PA3.Signal=GPIO_Output
PA6.GPIOParameters=GPIO_Label
RCC.PLLSourceVirtual=RCC_PLLSOURCE_HSE
TIM1.OCPolarity_1=TIM_OCPOLARITY_HIGH
ProjectManager.ProjectFileName=ACControl.ioc
Dma.ADC1.0.Instance=DMA1_Channel1
PD1-OSC_OUT.Mode=HSE-External-Oscillator
PA10.Mode=Asynchronous
Mcu.PinsNb=22
ProjectManager.NoMain=false
ADC1.IPParameters=Rank-1\#ChannelRegularConversion,Channel-1\#ChannelRegularConversion,SamplingTime-1\#ChannelRegularConversion,NbrOfConversionFlag,EnableInjectedConversion,ContinuousConvMode,DataAlign,master
PB11.GPIO_Label=OFF_SWITCH
PC13-TAMPER-RTC.Signal=GPIO_Output
ProjectManager.DefaultFWLocation=true
PD0-OSC_IN.Signal=RCC_OSC_IN
ProjectManager.DeletePrevious=true
TIM2.OCPolarity_1=TIM_OCPOLARITY_HIGH
PB10.Locked=true
SH.S_TIM2_CH1_ETR.ConfNb=1
RCC.FamilyName=M
PA0-WKUP.Signal=S_TIM2_CH1_ETR
PA13.Signal=SYS_JTMS-SWDIO
Dma.ADC1.0.PeriphDataAlignment=DMA_PDATAALIGN_WORD
PA9.Mode=Asynchronous
SH.S_TIM1_CH1.0=TIM1_CH1,PWM Generation1 CH1
VP_TIM4_VS_ClockSourceINT.Signal=TIM4_VS_ClockSourceINT
ProjectManager.TargetToolchain=Makefile
TIM4.IPParameters=Prescaler,Period
PB10.GPIO_Label=ON_SWITCH
Dma.ADC1.0.Mode=DMA_CIRCULAR
Dma.ADC1.0.Priority=DMA_PRIORITY_LOW
PA9.Signal=USART1_TX
USART1.Parity=PARITY_NONE
ADC1.Channel-1\#ChannelRegularConversion=ADC_CHANNEL_6
VP_TIM1_VS_ClockSourceINT.Signal=TIM1_VS_ClockSourceINT
PB11.GPIOParameters=GPIO_Label
ProjectManager.RegisterCallBack=
PC13-TAMPER-RTC.Locked=true
RCC.USBFreq_Value=16000000
VP_TIM3_VS_ClockSourceINT.Signal=TIM3_VS_ClockSourceINT
TIM4.Prescaler=16000-1
PB1.Locked=true
PD0-OSC_IN.Mode=HSE-External-Oscillator
PB10.Signal=GPIO_Input
PA5.Signal=GPIO_Output
board=custom
ProjectManager.LastFirmware=true
PC13-TAMPER-RTC.GPIO_Label=LED_ON_BOARD
NVIC.TIM3_IRQn=true\:0\:0\:false\:false\:true\:true\:true
RCC.VCOOutput2Freq_Value=8000000
Dma.ADC1.0.RequestParameters=Instance,Direction,PeriphInc,MemInc,PeriphDataAlignment,MemDataAlignment,Mode,Priority
RCC.APB2Freq_Value=16000000
MxCube.Version=6.0.1
VP_TIM2_VS_ClockSourceINT.Mode=Internal
VP_SYS_VS_Systick.Mode=SysTick
TIM3.IPParameters=Prescaler
NVIC.NonMaskableInt_IRQn=true\:0\:0\:false\:false\:true\:false\:false
PA4.GPIOParameters=GPIO_Label
SH.SharedAnalog_PA6.ConfNb=2
TIM2.Period=19999
PA13.Mode=Serial_Wire
ProjectManager.FreePins=false
RCC.IPParameters=ADCFreqValue,AHBFreq_Value,APB1Freq_Value,APB1TimFreq_Value,APB2Freq_Value,APB2TimFreq_Value,FCLKCortexFreq_Value,FamilyName,HCLKFreq_Value,MCOFreq_Value,PLLCLKFreq_Value,PLLMCOFreq_Value,PLLSourceVirtual,SYSCLKFreq_VALUE,SYSCLKSource,TimSysFreq_Value,USBFreq_Value,VCOOutput2Freq_Value
ProjectManager.AskForMigrate=true
Mcu.Name=STM32F103C(8-B)Tx
ProjectManager.UnderRoot=false
Mcu.IP8=TIM4
Mcu.IP9=USART1
Mcu.IP6=TIM2
Mcu.IP7=TIM3
ProjectManager.CoupleFile=true
PA4.Signal=GPIO_Output
ADC1.SamplingTime-1\#ChannelRegularConversion=ADC_SAMPLETIME_239CYCLES_5
RCC.SYSCLKFreq_VALUE=16000000
RCC.TimSysFreq_Value=16000000
Mcu.Pin20=VP_TIM3_VS_ClockSourceINT
ADC1.master=1
Mcu.Pin21=VP_TIM4_VS_ClockSourceINT
PA3.Locked=true
PA5.GPIO_Label=LED2
NVIC.ForceEnableDMAVector=true
KeepUserPlacement=false
NVIC.MemoryManagement_IRQn=true\:0\:0\:false\:false\:true\:false\:false
USART1.VirtualMode=VM_ASYNC
ProjectManager.CompilerOptimize=6
ADC1.Rank-1\#ChannelRegularConversion=1
SH.S_TIM2_CH1_ETR.0=TIM2_CH1,PWM Generation1 CH1
PA14.Signal=SYS_JTCK-SWCLK
Dma.ADC1.0.MemInc=DMA_MINC_ENABLE
ProjectManager.HeapSize=0x200
Mcu.Pin15=PA13
NVIC.HardFault_IRQn=true\:0\:0\:false\:false\:true\:false\:false
Mcu.Pin16=PA14
Mcu.Pin13=PA9
Mcu.Pin14=PA10
Mcu.Pin19=VP_TIM2_VS_ClockSourceINT
ProjectManager.ComputerToolchain=false
Mcu.Pin17=VP_SYS_VS_Systick
Mcu.Pin18=VP_TIM1_VS_ClockSourceINT
VP_TIM4_VS_ClockSourceINT.Mode=Internal
NVIC.PriorityGroup=NVIC_PRIORITYGROUP_4
ADC1.NbrOfConversionFlag=1
Mcu.Pin11=PB11
Mcu.Pin12=PA8
Mcu.Pin10=PB10
NVIC.DMA1_Channel1_IRQn=true\:0\:0\:false\:false\:true\:false\:true
ADC1.DataAlign=ADC_DATAALIGN_RIGHT
NVIC.TIM4_IRQn=true\:0\:0\:false\:false\:true\:true\:true
RCC.APB1Freq_Value=16000000
PB0.Signal=GPIO_Input
PB11.Locked=true
ProjectManager.DeviceId=STM32F103C8Tx
ProjectManager.LibraryCopy=1
PB0.GPIO_PuPd=GPIO_PULLDOWN
PA3.GPIO_Label=LED0
PB1.GPIOParameters=GPIO_Label
PA6.Locked=true
